<Solution>
  <Folder Name="/Cart/">
    <Project Path="src/Services/Cart/CartService.Api/CartService.Api.csproj" Id="ec9b999f-9016-4735-9d8f-f17303bb1bd2" />
    <Project Path="src/Services/Cart/CartService.Application/CartService.Application.csproj" Id="5c056949-1488-482d-b618-eb99e28b6e5a" />
    <Project Path="src/Services/Cart/CartService.Domain/CartService.Domain.csproj" Id="46b076e4-cb03-4ba7-b971-1851a4145894" />
    <Project Path="src/Services/Cart/CartService.Infrastructure/CartService.Infrastructure.csproj" Id="c1de5acc-e91f-403b-84a0-dd9c53928c5a" />
  </Folder>
  <Folder Name="/Catalog/">
    <Project Path="src/Services/Catalog/CatalogService.Api/CatalogService.Api.csproj" />
    <Project Path="src/Services/Catalog/CatalogService.Application/CatalogService.Application.csproj" />
    <Project Path="src/Services/Catalog/CatalogService.Domain/CatalogService.Domain.csproj" />
    <Project Path="src/Services/Catalog/CatalogService.Infrastructure/CatalogService.Infrastructure.csproj" />
  </Folder>
  <Folder Name="/Inventory/">
    <Project Path="src/Services/Inventory/InventoryService.Api/InventoryService.Api.csproj" Id="8bf131a2-3cea-4db5-b8c1-1f8a1137abdc" />
    <Project Path="src/Services/Inventory/InventoryService.Application/InventoryService.Application.csproj" Id="fc37eda7-67b0-4bb5-baf9-b0160f0fcc11" />
    <Project Path="src/Services/Inventory/InventoryService.Domain/InventoryService.Domain.csproj" Id="6573c0b9-3bb5-4b5d-8007-d5b0a73073a1" />
    <Project Path="src/Services/Inventory/InventoryService.Infrastructure/InventoryService.Infrastructure.csproj" Id="5abcd801-4091-4efb-8b3d-d0c9f1a84119" />
  </Folder>
</Solution>
