<Solution>
  <Folder Name="/Cart/">
    <Project Path="src/Services/Cart/CartService.Api/CartService.Api.csproj" Id="ec9b999f-9016-4735-9d8f-f17303bb1bd2" />
    <Project Path="src/Services/Cart/CartService.Application/CartService.Application.csproj" Id="5c056949-1488-482d-b618-eb99e28b6e5a" />
    <Project Path="src/Services/Cart/CartService.Domain/CartService.Domain.csproj" Id="46b076e4-cb03-4ba7-b971-1851a4145894" />
    <Project Path="src/Services/Cart/CartService.Infrastructure/CartService.Infrastructure.csproj" Id="c1de5acc-e91f-403b-84a0-dd9c53928c5a" />
  </Folder>
  <Folder Name="/Catalog/">
    <Project Path="src/Services/Catalog/CatalogService.Api/CatalogService.Api.csproj" />
    <Project Path="src/Services/Catalog/CatalogService.Application/CatalogService.Application.csproj" />
    <Project Path="src/Services/Catalog/CatalogService.Domain/CatalogService.Domain.csproj" />
    <Project Path="src/Services/Catalog/CatalogService.Infrastructure/CatalogService.Infrastructure.csproj" />
  </Folder>
  <Folder Name="/Inventory/">
    <Project Path="src/Services/Inventory/InventoryService.Api/InventoryService.Api.csproj" Id="8bf131a2-3cea-4db5-b8c1-1f8a1137abdc" />
    <Project Path="src/Services/Inventory/InventoryService.Application/InventoryService.Application.csproj" Id="fc37eda7-67b0-4bb5-baf9-b0160f0fcc11" />
    <Project Path="src/Services/Inventory/InventoryService.Domain/InventoryService.Domain.csproj" Id="6573c0b9-3bb5-4b5d-8007-d5b0a73073a1" />
    <Project Path="src/Services/Inventory/InventoryService.Infrastructure/InventoryService.Infrastructure.csproj" Id="5abcd801-4091-4efb-8b3d-d0c9f1a84119" />
  </Folder>
  <Folder Name="/MockPaymentGateway/">
    <Project Path="src/MockPaymentGateway/MockPaymentGateway.Api/MockPaymentGateway.Api.csproj" Id="aeee1099-aac1-426b-9f5e-968f34920ebb" />
  </Folder>
  <Folder Name="/Order/">
    <Project Path="src/Services/Order/OrderService.API/OrderService.Api.csproj" Id="a6dc85fe-cba9-4304-825d-8e72cfed542c" />
    <Project Path="src/Services/Order/OrderService.Application/OrderService.Application.csproj" Id="c4cbf2ca-53a9-4ba7-9a9a-ce7f8042e9d3" />
    <Project Path="src/Services/Order/OrderService.Domain/OrderService.Domain.csproj" Id="6b726a01-d212-4b20-b383-e03159480726" />
    <Project Path="src/Services/Order/OrderService.Infrastructure/OrderService.Infrastructure.csproj" Id="f8466ad4-25f3-49e1-840e-57a86d4939d5" />
  </Folder>
  <Folder Name="/Payment/">
    <Project Path="src/Services/Payment/PaymentService.Api/PaymentService.Api.csproj" Id="bf1b5ae8-876a-4c87-8da7-e2a908378aca" />
    <Project Path="src/Services/Payment/PaymentService.Application/PaymentService.Application.csproj" Id="a89bdfd4-b89b-436e-a67a-1d47ce6ce677" />
    <Project Path="src/Services/Payment/PaymentService.Domain/PaymentService.Domain.csproj" Id="b2982fbc-47cc-4f88-81cb-164e904a33a9" />
    <Project Path="src/Services/Payment/PaymentService.Infrastructure/PaymentService.Infrastructure.csproj" Id="2b485244-ee70-41fc-910f-94d3732bafd5" />
  </Folder>
  <Folder Name="/SharedKernel/">
    <Project Path="src/SharedKernel/SharedKernel.Domain/SharedKernel.Domain.csproj" Id="c6bdad49-c217-410d-9d60-d62892d82456" />
    <Project Path="src/SharedKernel/SharedKernel.Infrastructure/SharedKernel.Infrastructure.csproj" Id="dc4f79cd-cbfa-40d0-88fa-8b776a9dcaf3" />
    <Project Path="src/SharedKernel/SharedKernel.Web/SharedKernel.Web.csproj" Id="a2b49f84-b277-421e-9422-8a94275c6614" />
  </Folder>
  <Folder Name="/User/">
    <Project Path="src/Services/User/UserService.Api/UserService.Api.csproj" Id="e57f0b1c-fed4-4ebd-beea-1d81f43915b0" />
    <Project Path="src/Services/User/UserService.Application/UserService.Application.csproj" Id="9ab7841e-ad81-40a7-8003-bc1d30434584" />
    <Project Path="src/Services/User/UserService.Domain/UserService.Domain.csproj" Id="300b8a44-ebad-430d-902a-8e099ce532e3" />
    <Project Path="src/Services/User/UserService.Infrastructure/UserService.Infrastructure.csproj" Id="ec9d7166-3dd3-4a90-91cc-74253e21069a" />
  </Folder>
</Solution>
